
Microsoft Visual Studio Solution File, Format Version 12.00
# Visual Studio 2013
VisualStudioVersion = 12.0.21005.1
MinimumVisualStudioVersion = 10.0.40219.1
Project("{FAE04EC0-301F-11D3-BF4B-00C04F79EFBC}") = "EngineMain", "EngineMain\EngineMain.csproj", "{8E4268D6-94E2-46B4-A5D2-DFC4159B42D3}"
EndProject
Project("{FAE04EC0-301F-11D3-BF4B-00C04F79EFBC}") = "Behaviors", "Behaviors\Behaviors.csproj", "{1C1C6450-2B93-4E5C-9B1B-34B3E4D59A90}"
EndProject
Global
	GlobalSection(SolutionConfigurationPlatforms) = preSolution
		Debug|Any CPU = Debug|Any CPU
		Release|Any CPU = Release|Any CPU
	EndGlobalSection
	GlobalSection(ProjectConfigurationPlatforms) = postSolution
		{8E4268D6-94E2-46B4-A5D2-DFC4159B42D3}.Debug|Any CPU.ActiveCfg = Debug|Any CPU
		{8E4268D6-94E2-46B4-A5D2-DFC4159B42D3}.Debug|Any CPU.Build.0 = Debug|Any CPU
		{8E4268D6-94E2-46B4-A5D2-DFC4159B42D3}.Release|Any CPU.ActiveCfg = Release|Any CPU
		{8E4268D6-94E2-46B4-A5D2-DFC4159B42D3}.Release|Any CPU.Build.0 = Release|Any CPU
		{1C1C6450-2B93-4E5C-9B1B-34B3E4D59A90}.Debug|Any CPU.ActiveCfg = Debug|Any CPU
		{1C1C6450-2B93-4E5C-9B1B-34B3E4D59A90}.Debug|Any CPU.Build.0 = Debug|Any CPU
		{1C1C6450-2B93-4E5C-9B1B-34B3E4D59A90}.Release|Any CPU.ActiveCfg = Release|Any CPU
		{1C1C6450-2B93-4E5C-9B1B-34B3E4D59A90}.Release|Any CPU.Build.0 = Release|Any CPU
	EndGlobalSection
	GlobalSection(SolutionProperties) = preSolution
		HideSolutionNode = FALSE
	EndGlobalSection
EndGlobal
